
Microsoft Visual Studio Solution File, Format Version 12.00
# Visual Studio Version 16
VisualStudioVersion = 16.0.31019.35
MinimumVisualStudioVersion = 10.0.40219.1
Project("{9A19103F-16F7-4668-BE54-9A1E7A4F7556}") = "Business", "Business\Business.csproj", "{3384A70E-EE8D-49E7-AAD9-F32B1BCB1D8C}"
EndProject
Project("{9A19103F-16F7-4668-BE54-9A1E7A4F7556}") = "WebApi", "WebApi\WebApi.csproj", "{324AC9B1-E679-4FCB-9FBE-FC83DCF5F46C}"
EndProject
Project("{9A19103F-16F7-4668-BE54-9A1E7A4F7556}") = "Core", "Core\Core.csproj", "{751CAC4C-561D-4799-908F-7CA9A7DB3355}"
EndProject
Project("{FAE04EC0-301F-11D3-BF4B-00C04F79EFBC}") = "DataAccess", "DataAccess\DataAccess.csproj", "{FA3B6753-9C30-4D81-A713-359B055133D1}"
EndProject
Project("{FAE04EC0-301F-11D3-BF4B-00C04F79EFBC}") = "Entities", "Entities\Entities.csproj", "{92C902D3-DBAC-4FCC-971B-80B4E0EA179E}"
EndProject
Global
	GlobalSection(SolutionConfigurationPlatforms) = preSolution
		Debug|Any CPU = Debug|Any CPU
		Release|Any CPU = Release|Any CPU
	EndGlobalSection
	GlobalSection(ProjectConfigurationPlatforms) = postSolution
		{3384A70E-EE8D-49E7-AAD9-F32B1BCB1D8C}.Debug|Any CPU.ActiveCfg = Debug|Any CPU
		{3384A70E-EE8D-49E7-AAD9-F32B1BCB1D8C}.Debug|Any CPU.Build.0 = Debug|Any CPU
		{3384A70E-EE8D-49E7-AAD9-F32B1BCB1D8C}.Release|Any CPU.ActiveCfg = Release|Any CPU
		{3384A70E-EE8D-49E7-AAD9-F32B1BCB1D8C}.Release|Any CPU.Build.0 = Release|Any CPU
		{324AC9B1-E679-4FCB-9FBE-FC83DCF5F46C}.Debug|Any CPU.ActiveCfg = Debug|Any CPU
		{324AC9B1-E679-4FCB-9FBE-FC83DCF5F46C}.Debug|Any CPU.Build.0 = Debug|Any CPU
		{324AC9B1-E679-4FCB-9FBE-FC83DCF5F46C}.Release|Any CPU.ActiveCfg = Release|Any CPU
		{324AC9B1-E679-4FCB-9FBE-FC83DCF5F46C}.Release|Any CPU.Build.0 = Release|Any CPU
		{751CAC4C-561D-4799-908F-7CA9A7DB3355}.Debug|Any CPU.ActiveCfg = Debug|Any CPU
		{751CAC4C-561D-4799-908F-7CA9A7DB3355}.Debug|Any CPU.Build.0 = Debug|Any CPU
		{751CAC4C-561D-4799-908F-7CA9A7DB3355}.Release|Any CPU.ActiveCfg = Release|Any CPU
		{751CAC4C-561D-4799-908F-7CA9A7DB3355}.Release|Any CPU.Build.0 = Release|Any CPU
		{FA3B6753-9C30-4D81-A713-359B055133D1}.Debug|Any CPU.ActiveCfg = Debug|Any CPU
		{FA3B6753-9C30-4D81-A713-359B055133D1}.Debug|Any CPU.Build.0 = Debug|Any CPU
		{FA3B6753-9C30-4D81-A713-359B055133D1}.Release|Any CPU.ActiveCfg = Release|Any CPU
		{FA3B6753-9C30-4D81-A713-359B055133D1}.Release|Any CPU.Build.0 = Release|Any CPU
		{92C902D3-DBAC-4FCC-971B-80B4E0EA179E}.Debug|Any CPU.ActiveCfg = Debug|Any CPU
		{92C902D3-DBAC-4FCC-971B-80B4E0EA179E}.Debug|Any CPU.Build.0 = Debug|Any CPU
		{92C902D3-DBAC-4FCC-971B-80B4E0EA179E}.Release|Any CPU.ActiveCfg = Release|Any CPU
		{92C902D3-DBAC-4FCC-971B-80B4E0EA179E}.Release|Any CPU.Build.0 = Release|Any CPU
	EndGlobalSection
	GlobalSection(SolutionProperties) = preSolution
		HideSolutionNode = FALSE
	EndGlobalSection
	GlobalSection(ExtensibilityGlobals) = postSolution
		SolutionGuid = {48E404C8-2B71-40BE-8D96-E8789D81F8F5}
	EndGlobalSection
EndGlobal
